
Microsoft Visual Studio Solution File, Format Version 12.00
# Visual Studio Version 17
VisualStudioVersion = 17.5.002.0
MinimumVisualStudioVersion = 10.0.40219.1
Project("{2150E333-8FDC-42A3-9474-1A3956D46DE8}") = "src", "src", "{29C92084-8276-448C-8A21-9C0DA88E2A75}"
EndProject
Project("{9A19103F-16F7-4668-BE54-9A1E7A4F7556}") = "exekias", "src\exekias\exekias.csproj", "{19429B5E-AE91-4C88-B6B1-4AC43B8FE8AF}"
EndProject
Project("{9A19103F-16F7-4668-BE54-9A1E7A4F7556}") = "Exekias.AzureFunctions", "src\Exekias.AzureFunctions\Exekias.AzureFunctions.csproj", "{7640B530-FF1E-4B0F-8B6A-46A54708EB73}"
EndProject
Project("{9A19103F-16F7-4668-BE54-9A1E7A4F7556}") = "Exekias.AzureStores", "src\Exekias.AzureStores\Exekias.AzureStores.csproj", "{B4DF0755-6AA3-40EB-A2C6-FDD51D867BE4}"
EndProject
Project("{9A19103F-16F7-4668-BE54-9A1E7A4F7556}") = "Exekias.Core", "src\Exekias.Core\Exekias.Core.csproj", "{1B2C8E81-F8F3-4F3B-841F-AE21C3698F92}"
EndProject
Project("{9A19103F-16F7-4668-BE54-9A1E7A4F7556}") = "Exekias.Core.Azure", "src\Exekias.Core.Azure\Exekias.Core.Azure.csproj", "{13CCDF17-D5CF-4240-9CCB-256F91D0AD98}"
EndProject
Project("{9A19103F-16F7-4668-BE54-9A1E7A4F7556}") = "Exekias.Core.Tests", "src\Exekias.Core.Tests\Exekias.Core.Tests.csproj", "{4F806E71-C8E7-4532-89C8-C56BD3B27BFB}"
EndProject
Project("{9A19103F-16F7-4668-BE54-9A1E7A4F7556}") = "Exekias.CosmosDb", "src\Exekias.CosmosDb\Exekias.CosmosDb.csproj", "{7E6E358D-AA79-4C70-82BF-74EA28D14F41}"
EndProject
Project("{9A19103F-16F7-4668-BE54-9A1E7A4F7556}") = "Exekias.DataImport", "src\Exekias.DataImport\Exekias.DataImport.csproj", "{090F9801-287D-41D1-930E-E194A01C4223}"
EndProject
Project("{9A19103F-16F7-4668-BE54-9A1E7A4F7556}") = "Exekias.SDS", "src\Exekias.SDS\Exekias.SDS.csproj", "{809037B3-A47D-41ED-8C9B-9744DC818D21}"
EndProject
Project("{9A19103F-16F7-4668-BE54-9A1E7A4F7556}") = "Exekias.SDS.Blob", "src\Exekias.SDS.Blob\Exekias.SDS.Blob.csproj", "{2408EB57-A922-49DF-9228-7E6B1B5C574F}"
EndProject
Project("{9A19103F-16F7-4668-BE54-9A1E7A4F7556}") = "Exekias.SDS.Blob.Batch", "src\Exekias.SDS.Blob.Batch\Exekias.SDS.Blob.Batch.csproj", "{F66DBD72-37B3-4FD0-B6BB-E3EF114666FE}"
EndProject
Global
	GlobalSection(SolutionConfigurationPlatforms) = preSolution
		Debug|Any CPU = Debug|Any CPU
		Release|Any CPU = Release|Any CPU
	EndGlobalSection
	GlobalSection(ProjectConfigurationPlatforms) = postSolution
		{19429B5E-AE91-4C88-B6B1-4AC43B8FE8AF}.Debug|Any CPU.ActiveCfg = Debug|Any CPU
		{19429B5E-AE91-4C88-B6B1-4AC43B8FE8AF}.Debug|Any CPU.Build.0 = Debug|Any CPU
		{19429B5E-AE91-4C88-B6B1-4AC43B8FE8AF}.Release|Any CPU.ActiveCfg = Release|Any CPU
		{19429B5E-AE91-4C88-B6B1-4AC43B8FE8AF}.Release|Any CPU.Build.0 = Release|Any CPU
		{7640B530-FF1E-4B0F-8B6A-46A54708EB73}.Debug|Any CPU.ActiveCfg = Debug|Any CPU
		{7640B530-FF1E-4B0F-8B6A-46A54708EB73}.Debug|Any CPU.Build.0 = Debug|Any CPU
		{7640B530-FF1E-4B0F-8B6A-46A54708EB73}.Release|Any CPU.ActiveCfg = Release|Any CPU
		{7640B530-FF1E-4B0F-8B6A-46A54708EB73}.Release|Any CPU.Build.0 = Release|Any CPU
		{B4DF0755-6AA3-40EB-A2C6-FDD51D867BE4}.Debug|Any CPU.ActiveCfg = Debug|Any CPU
		{B4DF0755-6AA3-40EB-A2C6-FDD51D867BE4}.Debug|Any CPU.Build.0 = Debug|Any CPU
		{B4DF0755-6AA3-40EB-A2C6-FDD51D867BE4}.Release|Any CPU.ActiveCfg = Release|Any CPU
		{B4DF0755-6AA3-40EB-A2C6-FDD51D867BE4}.Release|Any CPU.Build.0 = Release|Any CPU
		{1B2C8E81-F8F3-4F3B-841F-AE21C3698F92}.Debug|Any CPU.ActiveCfg = Debug|Any CPU
		{1B2C8E81-F8F3-4F3B-841F-AE21C3698F92}.Debug|Any CPU.Build.0 = Debug|Any CPU
		{1B2C8E81-F8F3-4F3B-841F-AE21C3698F92}.Release|Any CPU.ActiveCfg = Release|Any CPU
		{1B2C8E81-F8F3-4F3B-841F-AE21C3698F92}.Release|Any CPU.Build.0 = Release|Any CPU
		{13CCDF17-D5CF-4240-9CCB-256F91D0AD98}.Debug|Any CPU.ActiveCfg = Debug|Any CPU
		{13CCDF17-D5CF-4240-9CCB-256F91D0AD98}.Debug|Any CPU.Build.0 = Debug|Any CPU
		{13CCDF17-D5CF-4240-9CCB-256F91D0AD98}.Release|Any CPU.ActiveCfg = Release|Any CPU
		{13CCDF17-D5CF-4240-9CCB-256F91D0AD98}.Release|Any CPU.Build.0 = Release|Any CPU
		{4F806E71-C8E7-4532-89C8-C56BD3B27BFB}.Debug|Any CPU.ActiveCfg = Debug|Any CPU
		{4F806E71-C8E7-4532-89C8-C56BD3B27BFB}.Debug|Any CPU.Build.0 = Debug|Any CPU
		{4F806E71-C8E7-4532-89C8-C56BD3B27BFB}.Release|Any CPU.ActiveCfg = Release|Any CPU
		{4F806E71-C8E7-4532-89C8-C56BD3B27BFB}.Release|Any CPU.Build.0 = Release|Any CPU
		{7E6E358D-AA79-4C70-82BF-74EA28D14F41}.Debug|Any CPU.ActiveCfg = Debug|Any CPU
		{7E6E358D-AA79-4C70-82BF-74EA28D14F41}.Debug|Any CPU.Build.0 = Debug|Any CPU
		{7E6E358D-AA79-4C70-82BF-74EA28D14F41}.Release|Any CPU.ActiveCfg = Release|Any CPU
		{7E6E358D-AA79-4C70-82BF-74EA28D14F41}.Release|Any CPU.Build.0 = Release|Any CPU
		{090F9801-287D-41D1-930E-E194A01C4223}.Debug|Any CPU.ActiveCfg = Debug|Any CPU
		{090F9801-287D-41D1-930E-E194A01C4223}.Debug|Any CPU.Build.0 = Debug|Any CPU
		{090F9801-287D-41D1-930E-E194A01C4223}.Release|Any CPU.ActiveCfg = Release|Any CPU
		{090F9801-287D-41D1-930E-E194A01C4223}.Release|Any CPU.Build.0 = Release|Any CPU
		{809037B3-A47D-41ED-8C9B-9744DC818D21}.Debug|Any CPU.ActiveCfg = Debug|Any CPU
		{809037B3-A47D-41ED-8C9B-9744DC818D21}.Debug|Any CPU.Build.0 = Debug|Any CPU
		{809037B3-A47D-41ED-8C9B-9744DC818D21}.Release|Any CPU.ActiveCfg = Release|Any CPU
		{809037B3-A47D-41ED-8C9B-9744DC818D21}.Release|Any CPU.Build.0 = Release|Any CPU
		{2408EB57-A922-49DF-9228-7E6B1B5C574F}.Debug|Any CPU.ActiveCfg = Debug|Any CPU
		{2408EB57-A922-49DF-9228-7E6B1B5C574F}.Debug|Any CPU.Build.0 = Debug|Any CPU
		{2408EB57-A922-49DF-9228-7E6B1B5C574F}.Release|Any CPU.ActiveCfg = Release|Any CPU
		{2408EB57-A922-49DF-9228-7E6B1B5C574F}.Release|Any CPU.Build.0 = Release|Any CPU
		{F66DBD72-37B3-4FD0-B6BB-E3EF114666FE}.Debug|Any CPU.ActiveCfg = Debug|Any CPU
		{F66DBD72-37B3-4FD0-B6BB-E3EF114666FE}.Debug|Any CPU.Build.0 = Debug|Any CPU
		{F66DBD72-37B3-4FD0-B6BB-E3EF114666FE}.Release|Any CPU.ActiveCfg = Release|Any CPU
		{F66DBD72-37B3-4FD0-B6BB-E3EF114666FE}.Release|Any CPU.Build.0 = Release|Any CPU
	EndGlobalSection
	GlobalSection(SolutionProperties) = preSolution
		HideSolutionNode = FALSE
	EndGlobalSection
	GlobalSection(NestedProjects) = preSolution
		{19429B5E-AE91-4C88-B6B1-4AC43B8FE8AF} = {29C92084-8276-448C-8A21-9C0DA88E2A75}
		{7640B530-FF1E-4B0F-8B6A-46A54708EB73} = {29C92084-8276-448C-8A21-9C0DA88E2A75}
		{B4DF0755-6AA3-40EB-A2C6-FDD51D867BE4} = {29C92084-8276-448C-8A21-9C0DA88E2A75}
		{1B2C8E81-F8F3-4F3B-841F-AE21C3698F92} = {29C92084-8276-448C-8A21-9C0DA88E2A75}
		{13CCDF17-D5CF-4240-9CCB-256F91D0AD98} = {29C92084-8276-448C-8A21-9C0DA88E2A75}
		{4F806E71-C8E7-4532-89C8-C56BD3B27BFB} = {29C92084-8276-448C-8A21-9C0DA88E2A75}
		{7E6E358D-AA79-4C70-82BF-74EA28D14F41} = {29C92084-8276-448C-8A21-9C0DA88E2A75}
		{090F9801-287D-41D1-930E-E194A01C4223} = {29C92084-8276-448C-8A21-9C0DA88E2A75}
		{809037B3-A47D-41ED-8C9B-9744DC818D21} = {29C92084-8276-448C-8A21-9C0DA88E2A75}
		{2408EB57-A922-49DF-9228-7E6B1B5C574F} = {29C92084-8276-448C-8A21-9C0DA88E2A75}
		{F66DBD72-37B3-4FD0-B6BB-E3EF114666FE} = {29C92084-8276-448C-8A21-9C0DA88E2A75}
	EndGlobalSection
	GlobalSection(ExtensibilityGlobals) = postSolution
		SolutionGuid = {FAFB1618-D298-4201-AEA6-C04067C56E30}
	EndGlobalSection
EndGlobal
